
Microsoft Visual Studio Solution File, Format Version 12.00
# Visual Studio Version 17
VisualStudioVersion = 17.14.36301.6 d17.14
MinimumVisualStudioVersion = 10.0.40219.1
Project("{FAE04EC0-301F-11D3-BF4B-00C04F79EFBC}") = "AquaCaps.Api", "src\AquaCaps.Api\AquaCaps.Api.csproj", "{53E2442B-307E-450E-AC33-5E58AC4EA010}"
EndProject
Project("{FAE04EC0-301F-11D3-BF4B-00C04F79EFBC}") = "AquaCaps.Core", "src\AquaCaps.Core\AquaCaps.Core.csproj", "{018B0CD2-9D1C-4C30-BF2C-8392353136F0}"
EndProject
Project("{FAE04EC0-301F-11D3-BF4B-00C04F79EFBC}") = "AquaCaps.Application", "src\AquaCaps.Application\AquaCaps.Application.csproj", "{43F2D481-3C38-4E32-878E-DCA3AF550A68}"
EndProject
Project("{FAE04EC0-301F-11D3-BF4B-00C04F79EFBC}") = "AquaCaps.Domain", "src\AquaCaps.Domain\AquaCaps.Domain.csproj", "{32BFFFEF-FE16-49A6-B2C6-A3B7B5F3B314}"
EndProject
Project("{FAE04EC0-301F-11D3-BF4B-00C04F79EFBC}") = "AquaCaps.Infrastructure", "src\AquaCaps.Infrastructure\AquaCaps.Infrastructure.csproj", "{3CA8DC72-2FB1-477F-80E1-3872A5A9F960}"
EndProject
Global
	GlobalSection(SolutionConfigurationPlatforms) = preSolution
		Debug|Any CPU = Debug|Any CPU
		Release|Any CPU = Release|Any CPU
	EndGlobalSection
	GlobalSection(ProjectConfigurationPlatforms) = postSolution
		{53E2442B-307E-450E-AC33-5E58AC4EA010}.Debug|Any CPU.ActiveCfg = Debug|Any CPU
		{53E2442B-307E-450E-AC33-5E58AC4EA010}.Debug|Any CPU.Build.0 = Debug|Any CPU
		{53E2442B-307E-450E-AC33-5E58AC4EA010}.Release|Any CPU.ActiveCfg = Release|Any CPU
		{53E2442B-307E-450E-AC33-5E58AC4EA010}.Release|Any CPU.Build.0 = Release|Any CPU
		{018B0CD2-9D1C-4C30-BF2C-8392353136F0}.Debug|Any CPU.ActiveCfg = Debug|Any CPU
		{018B0CD2-9D1C-4C30-BF2C-8392353136F0}.Debug|Any CPU.Build.0 = Debug|Any CPU
		{018B0CD2-9D1C-4C30-BF2C-8392353136F0}.Release|Any CPU.ActiveCfg = Release|Any CPU
		{018B0CD2-9D1C-4C30-BF2C-8392353136F0}.Release|Any CPU.Build.0 = Release|Any CPU
		{43F2D481-3C38-4E32-878E-DCA3AF550A68}.Debug|Any CPU.ActiveCfg = Debug|Any CPU
		{43F2D481-3C38-4E32-878E-DCA3AF550A68}.Debug|Any CPU.Build.0 = Debug|Any CPU
		{43F2D481-3C38-4E32-878E-DCA3AF550A68}.Release|Any CPU.ActiveCfg = Release|Any CPU
		{43F2D481-3C38-4E32-878E-DCA3AF550A68}.Release|Any CPU.Build.0 = Release|Any CPU
		{32BFFFEF-FE16-49A6-B2C6-A3B7B5F3B314}.Debug|Any CPU.ActiveCfg = Debug|Any CPU
		{32BFFFEF-FE16-49A6-B2C6-A3B7B5F3B314}.Debug|Any CPU.Build.0 = Debug|Any CPU
		{32BFFFEF-FE16-49A6-B2C6-A3B7B5F3B314}.Release|Any CPU.ActiveCfg = Release|Any CPU
		{32BFFFEF-FE16-49A6-B2C6-A3B7B5F3B314}.Release|Any CPU.Build.0 = Release|Any CPU
		{3CA8DC72-2FB1-477F-80E1-3872A5A9F960}.Debug|Any CPU.ActiveCfg = Debug|Any CPU
		{3CA8DC72-2FB1-477F-80E1-3872A5A9F960}.Debug|Any CPU.Build.0 = Debug|Any CPU
		{3CA8DC72-2FB1-477F-80E1-3872A5A9F960}.Release|Any CPU.ActiveCfg = Release|Any CPU
		{3CA8DC72-2FB1-477F-80E1-3872A5A9F960}.Release|Any CPU.Build.0 = Release|Any CPU
	EndGlobalSection
	GlobalSection(SolutionProperties) = preSolution
		HideSolutionNode = FALSE
	EndGlobalSection
	GlobalSection(ExtensibilityGlobals) = postSolution
		SolutionGuid = {5DDA5710-32BD-467E-8AF3-17EE9C47A773}
	EndGlobalSection
EndGlobal
